
Microsoft Visual Studio Solution File, Format Version 12.00
# Visual Studio 15
VisualStudioVersion = 15.0.28307.271
MinimumVisualStudioVersion = 10.0.40219.1
Project("{888888A0-9F3D-457C-B088-3A5042F75D52}") = "Password", "Password\Password.pyproj", "{8655ED79-F56F-4DEA-8D59-D278A04237A4}"
EndProject
Global
	GlobalSection(SolutionConfigurationPlatforms) = preSolution
		Debug|Any CPU = Debug|Any CPU
		Release|Any CPU = Release|Any CPU
	EndGlobalSection
	GlobalSection(ProjectConfigurationPlatforms) = postSolution
		{8655ED79-F56F-4DEA-8D59-D278A04237A4}.Debug|Any CPU.ActiveCfg = Debug|Any CPU
		{8655ED79-F56F-4DEA-8D59-D278A04237A4}.Release|Any CPU.ActiveCfg = Release|Any CPU
	EndGlobalSection
	GlobalSection(SolutionProperties) = preSolution
		HideSolutionNode = FALSE
	EndGlobalSection
	GlobalSection(ExtensibilityGlobals) = postSolution
		SolutionGuid = {E6735694-B9DC-4951-92B3-647ACA3DA6B6}
	EndGlobalSection
EndGlobal
